
Microsoft Visual Studio Solution File, Format Version 12.00
# Visual Studio Version 16
VisualStudioVersion = 16.0.30320.27
MinimumVisualStudioVersion = 10.0.40219.1
Project("{FAE04EC0-301F-11D3-BF4B-00C04F79EFBC}") = "Spaceship", "Spaceship\Spaceship.csproj", "{9885C816-2987-4A0E-AB04-7063F14031EC}"
EndProject
Project("{FAE04EC0-301F-11D3-BF4B-00C04F79EFBC}") = "DetailCreaterLib", "DetailCreaterLibrary\DetailCreaterLib.csproj", "{7F4F1F90-ABE5-42F6-B50D-A790314AC1F2}"
EndProject
Project("{9A19103F-16F7-4668-BE54-9A1E7A4F7556}") = "SpaceshipModel", "SpaceshipModel\SpaceshipModel.csproj", "{D7219C4D-7435-4D1B-9907-C2876EF4B102}"
EndProject
Project("{FAE04EC0-301F-11D3-BF4B-00C04F79EFBC}") = "SpaceshipsControllerLib", "SpaceshipsControllerLibrary\SpaceshipsControllerLib.csproj", "{F74EEAEA-230E-420D-AC66-22FEDAF162BC}"
EndProject
Project("{FAE04EC0-301F-11D3-BF4B-00C04F79EFBC}") = "SpaceLib", "SpaceLibrary\SpaceLib.csproj", "{42520E53-86A6-4A06-9897-75FD8590117A}"
EndProject
Project("{FAE04EC0-301F-11D3-BF4B-00C04F79EFBC}") = "DetailsBarLib", "DetailsBarLibrary\DetailsBarLib.csproj", "{8F174A12-222B-4402-BFA8-E8BD4B1BC0F7}"
EndProject
Global
	GlobalSection(SolutionConfigurationPlatforms) = preSolution
		Debug|Any CPU = Debug|Any CPU
		Release|Any CPU = Release|Any CPU
	EndGlobalSection
	GlobalSection(ProjectConfigurationPlatforms) = postSolution
		{9885C816-2987-4A0E-AB04-7063F14031EC}.Debug|Any CPU.ActiveCfg = Debug|Any CPU
		{9885C816-2987-4A0E-AB04-7063F14031EC}.Debug|Any CPU.Build.0 = Debug|Any CPU
		{9885C816-2987-4A0E-AB04-7063F14031EC}.Release|Any CPU.ActiveCfg = Release|Any CPU
		{9885C816-2987-4A0E-AB04-7063F14031EC}.Release|Any CPU.Build.0 = Release|Any CPU
		{7F4F1F90-ABE5-42F6-B50D-A790314AC1F2}.Debug|Any CPU.ActiveCfg = Debug|Any CPU
		{7F4F1F90-ABE5-42F6-B50D-A790314AC1F2}.Debug|Any CPU.Build.0 = Debug|Any CPU
		{7F4F1F90-ABE5-42F6-B50D-A790314AC1F2}.Release|Any CPU.ActiveCfg = Release|Any CPU
		{7F4F1F90-ABE5-42F6-B50D-A790314AC1F2}.Release|Any CPU.Build.0 = Release|Any CPU
		{D7219C4D-7435-4D1B-9907-C2876EF4B102}.Debug|Any CPU.ActiveCfg = Debug|Any CPU
		{D7219C4D-7435-4D1B-9907-C2876EF4B102}.Debug|Any CPU.Build.0 = Debug|Any CPU
		{D7219C4D-7435-4D1B-9907-C2876EF4B102}.Release|Any CPU.ActiveCfg = Release|Any CPU
		{D7219C4D-7435-4D1B-9907-C2876EF4B102}.Release|Any CPU.Build.0 = Release|Any CPU
		{F74EEAEA-230E-420D-AC66-22FEDAF162BC}.Debug|Any CPU.ActiveCfg = Debug|Any CPU
		{F74EEAEA-230E-420D-AC66-22FEDAF162BC}.Debug|Any CPU.Build.0 = Debug|Any CPU
		{F74EEAEA-230E-420D-AC66-22FEDAF162BC}.Release|Any CPU.ActiveCfg = Release|Any CPU
		{F74EEAEA-230E-420D-AC66-22FEDAF162BC}.Release|Any CPU.Build.0 = Release|Any CPU
		{42520E53-86A6-4A06-9897-75FD8590117A}.Debug|Any CPU.ActiveCfg = Debug|Any CPU
		{42520E53-86A6-4A06-9897-75FD8590117A}.Debug|Any CPU.Build.0 = Debug|Any CPU
		{42520E53-86A6-4A06-9897-75FD8590117A}.Release|Any CPU.ActiveCfg = Release|Any CPU
		{42520E53-86A6-4A06-9897-75FD8590117A}.Release|Any CPU.Build.0 = Release|Any CPU
		{8F174A12-222B-4402-BFA8-E8BD4B1BC0F7}.Debug|Any CPU.ActiveCfg = Debug|Any CPU
		{8F174A12-222B-4402-BFA8-E8BD4B1BC0F7}.Debug|Any CPU.Build.0 = Debug|Any CPU
		{8F174A12-222B-4402-BFA8-E8BD4B1BC0F7}.Release|Any CPU.ActiveCfg = Release|Any CPU
		{8F174A12-222B-4402-BFA8-E8BD4B1BC0F7}.Release|Any CPU.Build.0 = Release|Any CPU
	EndGlobalSection
	GlobalSection(SolutionProperties) = preSolution
		HideSolutionNode = FALSE
	EndGlobalSection
	GlobalSection(ExtensibilityGlobals) = postSolution
		SolutionGuid = {0B16F23A-960C-4F28-A433-B103411A66B1}
	EndGlobalSection
EndGlobal
